// !$*UTF8*$!
{
	archiveVersion = 1;
	classes = {
	};
	objectVersion = 56;
	objects = {

/* Begin PBXBuildFile section */
		AA000001 /* LTXVideoGeneratorApp.swift in Sources */ = {isa = PBXBuildFile; fileRef = AA000002; };
		AA000003 /* ContentView.swift in Sources */ = {isa = PBXBuildFile; fileRef = AA000004; };
		AA000005 /* PythonEnvironment.swift in Sources */ = {isa = PBXBuildFile; fileRef = AA000006; };
		AA000007 /* GenerationRequest.swift in Sources */ = {isa = PBXBuildFile; fileRef = AA000008; };
		AA000009 /* GenerationResult.swift in Sources */ = {isa = PBXBuildFile; fileRef = AA00000A; };
		AA00000B /* Preset.swift in Sources */ = {isa = PBXBuildFile; fileRef = AA00000C; };
		AA00000D /* LTXBridge.swift in Sources */ = {isa = PBXBuildFile; fileRef = AA00000E; };
		AA00000F /* GenerationService.swift in Sources */ = {isa = PBXBuildFile; fileRef = AA000010; };
		AA000011 /* HistoryManager.swift in Sources */ = {isa = PBXBuildFile; fileRef = AA000012; };
		AA000013 /* PresetManager.swift in Sources */ = {isa = PBXBuildFile; fileRef = AA000014; };
		AA000015 /* PromptInputView.swift in Sources */ = {isa = PBXBuildFile; fileRef = AA000016; };
		AA000017 /* ParametersView.swift in Sources */ = {isa = PBXBuildFile; fileRef = AA000018; };
		AA000019 /* QueueView.swift in Sources */ = {isa = PBXBuildFile; fileRef = AA00001A; };
		AA00001B /* HistoryView.swift in Sources */ = {isa = PBXBuildFile; fileRef = AA00001C; };
		AA00001D /* PreferencesView.swift in Sources */ = {isa = PBXBuildFile; fileRef = AA00001E; };
		AA000021 /* PythonKit in Frameworks */ = {isa = PBXBuildFile; productRef = AA000022; };
		AA000023 /* Assets.xcassets in Resources */ = {isa = PBXBuildFile; fileRef = AA000024; };
		AA000025 /* APIServer.swift in Sources */ = {isa = PBXBuildFile; fileRef = AA000026; };
		AA000027 /* prompts in Resources */ = {isa = PBXBuildFile; fileRef = AA000028; };
		AA000029 /* audio_generator.py in Resources */ = {isa = PBXBuildFile; fileRef = AA00002A; };
		AA000031 /* enhance_prompt_preview.py in Resources */ = {isa = PBXBuildFile; fileRef = AA000032; };
		AA00002B /* AudioService.swift in Sources */ = {isa = PBXBuildFile; fileRef = AA00002C; };
		AA00002D /* AddAudioView.swift in Sources */ = {isa = PBXBuildFile; fileRef = AA00002E; };
/* End PBXBuildFile section */

/* Begin PBXFileReference section */
		AA000002 /* LTXVideoGeneratorApp.swift */ = {isa = PBXFileReference; lastKnownFileType = sourcecode.swift; path = LTXVideoGeneratorApp.swift; sourceTree = "<group>"; };
		AA000004 /* ContentView.swift */ = {isa = PBXFileReference; lastKnownFileType = sourcecode.swift; path = ContentView.swift; sourceTree = "<group>"; };
		AA000006 /* PythonEnvironment.swift */ = {isa = PBXFileReference; lastKnownFileType = sourcecode.swift; path = PythonEnvironment.swift; sourceTree = "<group>"; };
		AA000008 /* GenerationRequest.swift */ = {isa = PBXFileReference; lastKnownFileType = sourcecode.swift; path = GenerationRequest.swift; sourceTree = "<group>"; };
		AA00000A /* GenerationResult.swift */ = {isa = PBXFileReference; lastKnownFileType = sourcecode.swift; path = GenerationResult.swift; sourceTree = "<group>"; };
		AA00000C /* Preset.swift */ = {isa = PBXFileReference; lastKnownFileType = sourcecode.swift; path = Preset.swift; sourceTree = "<group>"; };
		AA00000E /* LTXBridge.swift */ = {isa = PBXFileReference; lastKnownFileType = sourcecode.swift; path = LTXBridge.swift; sourceTree = "<group>"; };
		AA000010 /* GenerationService.swift */ = {isa = PBXFileReference; lastKnownFileType = sourcecode.swift; path = GenerationService.swift; sourceTree = "<group>"; };
		AA000012 /* HistoryManager.swift */ = {isa = PBXFileReference; lastKnownFileType = sourcecode.swift; path = HistoryManager.swift; sourceTree = "<group>"; };
		AA000014 /* PresetManager.swift */ = {isa = PBXFileReference; lastKnownFileType = sourcecode.swift; path = PresetManager.swift; sourceTree = "<group>"; };
		AA000016 /* PromptInputView.swift */ = {isa = PBXFileReference; lastKnownFileType = sourcecode.swift; path = PromptInputView.swift; sourceTree = "<group>"; };
		AA000018 /* ParametersView.swift */ = {isa = PBXFileReference; lastKnownFileType = sourcecode.swift; path = ParametersView.swift; sourceTree = "<group>"; };
		AA00001A /* QueueView.swift */ = {isa = PBXFileReference; lastKnownFileType = sourcecode.swift; path = QueueView.swift; sourceTree = "<group>"; };
		AA00001C /* HistoryView.swift */ = {isa = PBXFileReference; lastKnownFileType = sourcecode.swift; path = HistoryView.swift; sourceTree = "<group>"; };
		AA00001E /* PreferencesView.swift */ = {isa = PBXFileReference; lastKnownFileType = sourcecode.swift; path = PreferencesView.swift; sourceTree = "<group>"; };
		AA000024 /* Assets.xcassets */ = {isa = PBXFileReference; lastKnownFileType = folder.assetcatalog; path = Assets.xcassets; sourceTree = "<group>"; };
		AA000026 /* APIServer.swift */ = {isa = PBXFileReference; lastKnownFileType = sourcecode.swift; path = APIServer.swift; sourceTree = "<group>"; };
		AA000028 /* prompts */ = {isa = PBXFileReference; lastKnownFileType = folder; path = prompts; sourceTree = "<group>"; };
		AA00002A /* audio_generator.py */ = {isa = PBXFileReference; lastKnownFileType = text.script.python; path = audio_generator.py; sourceTree = "<group>"; };
		AA000032 /* enhance_prompt_preview.py */ = {isa = PBXFileReference; lastKnownFileType = text.script.python; path = enhance_prompt_preview.py; sourceTree = "<group>"; };
		AA00002C /* AudioService.swift */ = {isa = PBXFileReference; lastKnownFileType = sourcecode.swift; path = AudioService.swift; sourceTree = "<group>"; };
		AA00002E /* AddAudioView.swift */ = {isa = PBXFileReference; lastKnownFileType = sourcecode.swift; path = AddAudioView.swift; sourceTree = "<group>"; };
		AA000030 /* LTXVideoGenerator.app */ = {isa = PBXFileReference; explicitFileType = wrapper.application; includeInIndex = 0; path = LTXVideoGenerator.app; sourceTree = BUILT_PRODUCTS_DIR; };
/* End PBXFileReference section */

/* Begin PBXFrameworksBuildPhase section */
		AA000040 /* Frameworks */ = {
			isa = PBXFrameworksBuildPhase;
			buildActionMask = 2147483647;
			files = (
				AA000021 /* PythonKit in Frameworks */,
			);
			runOnlyForDeploymentPostprocessing = 0;
		};
/* End PBXFrameworksBuildPhase section */

/* Begin PBXGroup section */
		AA000050 = {
			isa = PBXGroup;
			children = (
				AA000051 /* Sources */,
				AA000052 /* Resources */,
				AA000024 /* Assets.xcassets */,
				AA000053 /* Products */,
			);
			sourceTree = "<group>";
		};
		AA000051 /* Sources */ = {
			isa = PBXGroup;
			children = (
				AA000002 /* LTXVideoGeneratorApp.swift */,
				AA000006 /* PythonEnvironment.swift */,
				AA000054 /* Models */,
				AA000055 /* Services */,
				AA000056 /* Views */,
			);
			path = Sources;
			sourceTree = "<group>";
		};
		AA000052 /* Resources */ = {
			isa = PBXGroup;
			children = (
				AA00002A /* audio_generator.py */,
				AA000032 /* enhance_prompt_preview.py */,
				AA000028 /* prompts */,
			);
			path = Resources;
			sourceTree = "<group>";
		};
		AA000053 /* Products */ = {
			isa = PBXGroup;
			children = (
				AA000030 /* LTXVideoGenerator.app */,
			);
			name = Products;
			sourceTree = "<group>";
		};
		AA000054 /* Models */ = {
			isa = PBXGroup;
			children = (
				AA000008 /* GenerationRequest.swift */,
				AA00000A /* GenerationResult.swift */,
				AA00000C /* Preset.swift */,
			);
			path = Models;
			sourceTree = "<group>";
		};
		AA000055 /* Services */ = {
			isa = PBXGroup;
			children = (
				AA00000E /* LTXBridge.swift */,
				AA000010 /* GenerationService.swift */,
				AA000012 /* HistoryManager.swift */,
				AA000014 /* PresetManager.swift */,
				AA000026 /* APIServer.swift */,
				AA00002C /* AudioService.swift */,
			);
			path = Services;
			sourceTree = "<group>";
		};
		AA000056 /* Views */ = {
			isa = PBXGroup;
			children = (
				AA000004 /* ContentView.swift */,
				AA000016 /* PromptInputView.swift */,
				AA000018 /* ParametersView.swift */,
				AA00001A /* QueueView.swift */,
				AA00001C /* HistoryView.swift */,
				AA00001E /* PreferencesView.swift */,
				AA00002E /* AddAudioView.swift */,
			);
			path = Views;
			sourceTree = "<group>";
		};
/* End PBXGroup section */

/* Begin PBXNativeTarget section */
		AA000060 /* LTXVideoGenerator */ = {
			isa = PBXNativeTarget;
			buildConfigurationList = AA000070;
			buildPhases = (
				AA000061 /* Sources */,
				AA000040 /* Frameworks */,
				AA000062 /* Resources */,
			);
			buildRules = (
			);
			dependencies = (
			);
			name = LTXVideoGenerator;
			packageProductDependencies = (
				AA000022 /* PythonKit */,
			);
			productName = LTXVideoGenerator;
			productReference = AA000030 /* LTXVideoGenerator.app */;
			productType = "com.apple.product-type.application";
		};
/* End PBXNativeTarget section */

/* Begin PBXProject section */
		AA000080 /* Project object */ = {
			isa = PBXProject;
			attributes = {
				BuildIndependentTargetsInParallel = 1;
				LastSwiftUpdateCheck = 1500;
				LastUpgradeCheck = 1500;
				TargetAttributes = {
					AA000060 = {
						CreatedOnToolsVersion = 15.0;
					};
				};
			};
			buildConfigurationList = AA000081;
			compatibilityVersion = "Xcode 14.0";
			developmentRegion = en;
			hasScannedForEncodings = 0;
			knownRegions = (
				en,
				Base,
			);
			mainGroup = AA000050;
			packageReferences = (
				AA000090 /* XCRemoteSwiftPackageReference "PythonKit" */,
			);
			productRefGroup = AA000053 /* Products */;
			projectDirPath = "";
			projectRoot = "";
			targets = (
				AA000060 /* LTXVideoGenerator */,
			);
		};
/* End PBXProject section */

/* Begin PBXResourcesBuildPhase section */
		AA000062 /* Resources */ = {
			isa = PBXResourcesBuildPhase;
			buildActionMask = 2147483647;
			files = (
				AA000023 /* Assets.xcassets in Resources */,
				AA000029 /* audio_generator.py in Resources */,
				AA000031 /* enhance_prompt_preview.py in Resources */,
				AA000027 /* prompts in Resources */,
			);
			runOnlyForDeploymentPostprocessing = 0;
		};
/* End PBXResourcesBuildPhase section */

/* Begin PBXSourcesBuildPhase section */
		AA000061 /* Sources */ = {
			isa = PBXSourcesBuildPhase;
			buildActionMask = 2147483647;
			files = (
				AA000001 /* LTXVideoGeneratorApp.swift in Sources */,
				AA000003 /* ContentView.swift in Sources */,
				AA000005 /* PythonEnvironment.swift in Sources */,
				AA000007 /* GenerationRequest.swift in Sources */,
				AA000009 /* GenerationResult.swift in Sources */,
				AA00000B /* Preset.swift in Sources */,
				AA00000D /* LTXBridge.swift in Sources */,
				AA00000F /* GenerationService.swift in Sources */,
				AA000011 /* HistoryManager.swift in Sources */,
				AA000013 /* PresetManager.swift in Sources */,
				AA000015 /* PromptInputView.swift in Sources */,
				AA000017 /* ParametersView.swift in Sources */,
				AA000019 /* QueueView.swift in Sources */,
				AA00001B /* HistoryView.swift in Sources */,
				AA00001D /* PreferencesView.swift in Sources */,
				AA000025 /* APIServer.swift in Sources */,
				AA00002B /* AudioService.swift in Sources */,
				AA00002D /* AddAudioView.swift in Sources */,
			);
			runOnlyForDeploymentPostprocessing = 0;
		};
/* End PBXSourcesBuildPhase section */

/* Begin XCBuildConfiguration section */
		AA000100 /* Debug */ = {
			isa = XCBuildConfiguration;
			buildSettings = {
				ALWAYS_SEARCH_USER_PATHS = NO;
				ASSETCATALOG_COMPILER_GENERATE_SWIFT_ASSET_SYMBOL_EXTENSIONS = YES;
				CLANG_ANALYZER_NONNULL = YES;
				CLANG_ANALYZER_NUMBER_OBJECT_CONVERSION = YES_AGGRESSIVE;
				CLANG_CXX_LANGUAGE_STANDARD = "gnu++20";
				CLANG_ENABLE_MODULES = YES;
				CLANG_ENABLE_OBJC_ARC = YES;
				CLANG_ENABLE_OBJC_WEAK = YES;
				CLANG_WARN_BLOCK_CAPTURE_AUTORELEASING = YES;
				CLANG_WARN_BOOL_CONVERSION = YES;
				CLANG_WARN_COMMA = YES;
				CLANG_WARN_CONSTANT_CONVERSION = YES;
				CLANG_WARN_DEPRECATED_OBJC_IMPLEMENTATIONS = YES;
				CLANG_WARN_DIRECT_OBJC_ISA_USAGE = YES_ERROR;
				CLANG_WARN_DOCUMENTATION_COMMENTS = YES;
				CLANG_WARN_EMPTY_BODY = YES;
				CLANG_WARN_ENUM_CONVERSION = YES;
				CLANG_WARN_INFINITE_RECURSION = YES;
				CLANG_WARN_INT_CONVERSION = YES;
				CLANG_WARN_NON_LITERAL_NULL_CONVERSION = YES;
				CLANG_WARN_OBJC_IMPLICIT_RETAIN_SELF = YES;
				CLANG_WARN_OBJC_LITERAL_CONVERSION = YES;
				CLANG_WARN_OBJC_ROOT_CLASS = YES_ERROR;
				CLANG_WARN_QUOTED_INCLUDE_IN_FRAMEWORK_HEADER = YES;
				CLANG_WARN_RANGE_LOOP_ANALYSIS = YES;
				CLANG_WARN_STRICT_PROTOTYPES = YES;
				CLANG_WARN_SUSPICIOUS_MOVE = YES;
				CLANG_WARN_UNGUARDED_AVAILABILITY = YES_AGGRESSIVE;
				CLANG_WARN_UNREACHABLE_CODE = YES;
				CLANG_WARN__DUPLICATE_METHOD_MATCH = YES;
				COPY_PHASE_STRIP = NO;
				DEBUG_INFORMATION_FORMAT = dwarf;
				ENABLE_STRICT_OBJC_MSGSEND = YES;
				ENABLE_TESTABILITY = YES;
				ENABLE_USER_SCRIPT_SANDBOXING = YES;
				GCC_C_LANGUAGE_STANDARD = gnu17;
				GCC_DYNAMIC_NO_PIC = NO;
				GCC_NO_COMMON_BLOCKS = YES;
				GCC_OPTIMIZATION_LEVEL = 0;
				GCC_PREPROCESSOR_DEFINITIONS = (
					"DEBUG=1",
					"$(inherited)",
				);
				GCC_WARN_64_TO_32_BIT_CONVERSION = YES;
				GCC_WARN_ABOUT_RETURN_TYPE = YES_ERROR;
				GCC_WARN_UNDECLARED_SELECTOR = YES;
				GCC_WARN_UNINITIALIZED_AUTOS = YES_AGGRESSIVE;
				GCC_WARN_UNUSED_FUNCTION = YES;
				GCC_WARN_UNUSED_VARIABLE = YES;
				MACOSX_DEPLOYMENT_TARGET = 14.0;
				MTL_ENABLE_DEBUG_INFO = INCLUDE_SOURCE;
				MTL_FAST_MATH = YES;
				ONLY_ACTIVE_ARCH = YES;
				SDKROOT = macosx;
				SWIFT_ACTIVE_COMPILATION_CONDITIONS = "DEBUG $(inherited)";
				SWIFT_OPTIMIZATION_LEVEL = "-Onone";
			};
			name = Debug;
		};
		AA000101 /* Release */ = {
			isa = XCBuildConfiguration;
			buildSettings = {
				ALWAYS_SEARCH_USER_PATHS = NO;
				ASSETCATALOG_COMPILER_GENERATE_SWIFT_ASSET_SYMBOL_EXTENSIONS = YES;
				CLANG_ANALYZER_NONNULL = YES;
				CLANG_ANALYZER_NUMBER_OBJECT_CONVERSION = YES_AGGRESSIVE;
				CLANG_CXX_LANGUAGE_STANDARD = "gnu++20";
				CLANG_ENABLE_MODULES = YES;
				CLANG_ENABLE_OBJC_ARC = YES;
				CLANG_ENABLE_OBJC_WEAK = YES;
				CLANG_WARN_BLOCK_CAPTURE_AUTORELEASING = YES;
				CLANG_WARN_BOOL_CONVERSION = YES;
				CLANG_WARN_COMMA = YES;
				CLANG_WARN_CONSTANT_CONVERSION = YES;
				CLANG_WARN_DEPRECATED_OBJC_IMPLEMENTATIONS = YES;
				CLANG_WARN_DIRECT_OBJC_ISA_USAGE = YES_ERROR;
				CLANG_WARN_DOCUMENTATION_COMMENTS = YES;
				CLANG_WARN_EMPTY_BODY = YES;
				CLANG_WARN_ENUM_CONVERSION = YES;
				CLANG_WARN_INFINITE_RECURSION = YES;
				CLANG_WARN_INT_CONVERSION = YES;
				CLANG_WARN_NON_LITERAL_NULL_CONVERSION = YES;
				CLANG_WARN_OBJC_IMPLICIT_RETAIN_SELF = YES;
				CLANG_WARN_OBJC_LITERAL_CONVERSION = YES;
				CLANG_WARN_OBJC_ROOT_CLASS = YES_ERROR;
				CLANG_WARN_QUOTED_INCLUDE_IN_FRAMEWORK_HEADER = YES;
				CLANG_WARN_RANGE_LOOP_ANALYSIS = YES;
				CLANG_WARN_STRICT_PROTOTYPES = YES;
				CLANG_WARN_SUSPICIOUS_MOVE = YES;
				CLANG_WARN_UNGUARDED_AVAILABILITY = YES_AGGRESSIVE;
				CLANG_WARN_UNREACHABLE_CODE = YES;
				CLANG_WARN__DUPLICATE_METHOD_MATCH = YES;
				COPY_PHASE_STRIP = NO;
				DEBUG_INFORMATION_FORMAT = "dwarf-with-dsym";
				ENABLE_NS_ASSERTIONS = NO;
				ENABLE_STRICT_OBJC_MSGSEND = YES;
				ENABLE_USER_SCRIPT_SANDBOXING = YES;
				GCC_C_LANGUAGE_STANDARD = gnu17;
				GCC_NO_COMMON_BLOCKS = YES;
				GCC_WARN_64_TO_32_BIT_CONVERSION = YES;
				GCC_WARN_ABOUT_RETURN_TYPE = YES_ERROR;
				GCC_WARN_UNDECLARED_SELECTOR = YES;
				GCC_WARN_UNINITIALIZED_AUTOS = YES_AGGRESSIVE;
				GCC_WARN_UNUSED_FUNCTION = YES;
				GCC_WARN_UNUSED_VARIABLE = YES;
				MACOSX_DEPLOYMENT_TARGET = 14.0;
				MTL_ENABLE_DEBUG_INFO = NO;
				MTL_FAST_MATH = YES;
				SDKROOT = macosx;
				SWIFT_COMPILATION_MODE = wholemodule;
			};
			name = Release;
		};
		AA000102 /* Debug */ = {
			isa = XCBuildConfiguration;
			buildSettings = {
				ASSETCATALOG_COMPILER_APPICON_NAME = AppIcon;
				ASSETCATALOG_COMPILER_GLOBAL_ACCENT_COLOR_NAME = AccentColor;
				CODE_SIGN_ENTITLEMENTS = LTXVideoGenerator.entitlements;
				CODE_SIGN_STYLE = Automatic;
				COMBINE_HIDPI_IMAGES = YES;
				CURRENT_PROJECT_VERSION = 1;
				DEVELOPMENT_TEAM = "";
				ENABLE_HARDENED_RUNTIME = YES;
				GENERATE_INFOPLIST_FILE = YES;
				INFOPLIST_KEY_CFBundleDisplayName = "LTX Video Generator";
				INFOPLIST_KEY_LSApplicationCategoryType = "public.app-category.video";
				INFOPLIST_KEY_NSHumanReadableCopyright = "";
				LD_RUNPATH_SEARCH_PATHS = (
					"$(inherited)",
					"@executable_path/../Frameworks",
				);
				MARKETING_VERSION = 1.0;
				PRODUCT_BUNDLE_IDENTIFIER = com.ltxvideo.generator;
				PRODUCT_NAME = "$(TARGET_NAME)";
				SWIFT_EMIT_LOC_STRINGS = YES;
				SWIFT_VERSION = 5.0;
			};
			name = Debug;
		};
		AA000103 /* Release */ = {
			isa = XCBuildConfiguration;
			buildSettings = {
				ASSETCATALOG_COMPILER_APPICON_NAME = AppIcon;
				ASSETCATALOG_COMPILER_GLOBAL_ACCENT_COLOR_NAME = AccentColor;
				CODE_SIGN_ENTITLEMENTS = LTXVideoGenerator.entitlements;
				CODE_SIGN_IDENTITY = "Developer ID Application";
				CODE_SIGN_STYLE = Manual;
				COMBINE_HIDPI_IMAGES = YES;
				CURRENT_PROJECT_VERSION = 1;
				DEVELOPMENT_TEAM = 529AKJCKRC;
				ENABLE_HARDENED_RUNTIME = YES;
				GENERATE_INFOPLIST_FILE = YES;
				INFOPLIST_KEY_CFBundleDisplayName = "LTX Video Generator";
				INFOPLIST_KEY_LSApplicationCategoryType = "public.app-category.video";
				INFOPLIST_KEY_NSHumanReadableCopyright = "Copyright © 2025 James Campbell. All rights reserved.";
				LD_RUNPATH_SEARCH_PATHS = (
					"$(inherited)",
					"@executable_path/../Frameworks",
				);
				MARKETING_VERSION = 1.0.10;
				PRODUCT_BUNDLE_IDENTIFIER = com.jamescampbell.ltxvideogenerator;
				PRODUCT_NAME = "$(TARGET_NAME)";
				PROVISIONING_PROFILE_SPECIFIER = "";
				SWIFT_EMIT_LOC_STRINGS = YES;
				SWIFT_VERSION = 5.0;
			};
			name = Release;
		};
/* End XCBuildConfiguration section */

/* Begin XCConfigurationList section */
		AA000070 /* Build configuration list for PBXNativeTarget "LTXVideoGenerator" */ = {
			isa = XCConfigurationList;
			buildConfigurations = (
				AA000102 /* Debug */,
				AA000103 /* Release */,
			);
			defaultConfigurationIsVisible = 0;
			defaultConfigurationName = Release;
		};
		AA000081 /* Build configuration list for PBXProject "LTXVideoGenerator" */ = {
			isa = XCConfigurationList;
			buildConfigurations = (
				AA000100 /* Debug */,
				AA000101 /* Release */,
			);
			defaultConfigurationIsVisible = 0;
			defaultConfigurationName = Release;
		};
/* End XCConfigurationList section */

/* Begin XCRemoteSwiftPackageReference section */
		AA000090 /* XCRemoteSwiftPackageReference "PythonKit" */ = {
			isa = XCRemoteSwiftPackageReference;
			repositoryURL = "https://github.com/pvieito/PythonKit.git";
			requirement = {
				branch = master;
				kind = branch;
			};
		};
/* End XCRemoteSwiftPackageReference section */

/* Begin XCSwiftPackageProductDependency section */
		AA000022 /* PythonKit */ = {
			isa = XCSwiftPackageProductDependency;
			package = AA000090 /* XCRemoteSwiftPackageReference "PythonKit" */;
			productName = PythonKit;
		};
/* End XCSwiftPackageProductDependency section */
	};
	rootObject = AA000080 /* Project object */;
}
